
Microsoft Visual Studio Solution File, Format Version 12.00
# Visual Studio Version 17
VisualStudioVersion = 17.2.32630.192
MinimumVisualStudioVersion = 10.0.40219.1
Project("{FAE04EC0-301F-11D3-BF4B-00C04F79EFBC}") = "SampleAuditBigData.Objects", "Objects\SampleAuditBigData.Objects.csproj", "{9C5C8A2E-E534-40EF-A599-26EFCBFC9598}"
EndProject
Project("{FAE04EC0-301F-11D3-BF4B-00C04F79EFBC}") = "SampleAuditBigData.ODataBackend", "ODataBackend\SampleAuditBigData.ODataBackend.csproj", "{BC790DFB-B459-4B95-A9E8-556E46FBAED0}"
EndProject
Global
	GlobalSection(SolutionConfigurationPlatforms) = preSolution
		Debug|Any CPU = Debug|Any CPU
		Release|Any CPU = Release|Any CPU
	EndGlobalSection
	GlobalSection(ProjectConfigurationPlatforms) = postSolution
		{9C5C8A2E-E534-40EF-A599-26EFCBFC9598}.Debug|Any CPU.ActiveCfg = Debug|Any CPU
		{9C5C8A2E-E534-40EF-A599-26EFCBFC9598}.Debug|Any CPU.Build.0 = Debug|Any CPU
		{9C5C8A2E-E534-40EF-A599-26EFCBFC9598}.Release|Any CPU.ActiveCfg = Release|Any CPU
		{9C5C8A2E-E534-40EF-A599-26EFCBFC9598}.Release|Any CPU.Build.0 = Release|Any CPU
		{BC790DFB-B459-4B95-A9E8-556E46FBAED0}.Debug|Any CPU.ActiveCfg = Debug|Any CPU
		{BC790DFB-B459-4B95-A9E8-556E46FBAED0}.Debug|Any CPU.Build.0 = Debug|Any CPU
		{BC790DFB-B459-4B95-A9E8-556E46FBAED0}.Release|Any CPU.ActiveCfg = Release|Any CPU
		{BC790DFB-B459-4B95-A9E8-556E46FBAED0}.Release|Any CPU.Build.0 = Release|Any CPU
	EndGlobalSection
	GlobalSection(SolutionProperties) = preSolution
		HideSolutionNode = FALSE
	EndGlobalSection
	GlobalSection(ExtensibilityGlobals) = postSolution
		SolutionGuid = {4ACEC800-3A0D-4A3F-93D2-B9682EA2C5A8}
	EndGlobalSection
EndGlobal
